
Microsoft Visual Studio Solution File, Format Version 12.00
# Visual Studio Version 17
VisualStudioVersion = 17.10.34928.147
MinimumVisualStudioVersion = 10.0.40219.1
Project("{8BC9CEB8-8B4A-11D0-8D11-00A0C91BC942}") = "zlib", "zlib\zlib.vcxproj", "{7DC7AB5F-8944-4D51-85B9-4E2B626DF7CF}"
EndProject
Project("{8BC9CEB8-8B4A-11D0-8D11-00A0C91BC942}") = "libpng", "libpng\libpng.vcxproj", "{9AD5CE49-42AD-4A38-907A-6C686EB697A8}"
EndProject
Project("{8BC9CEB8-8B4A-11D0-8D11-00A0C91BC942}") = "test_png", "test_png\test_png.vcxproj", "{93B6716B-2F79-4ABA-B345-FCBDDCFBCD32}"
EndProject
Global
	GlobalSection(SolutionConfigurationPlatforms) = preSolution
		Debug|x64 = Debug|x64
		Debug|x86 = Debug|x86
		Release|x64 = Release|x64
		Release|x86 = Release|x86
	EndGlobalSection
	GlobalSection(ProjectConfigurationPlatforms) = postSolution
		{7DC7AB5F-8944-4D51-85B9-4E2B626DF7CF}.Debug|x64.ActiveCfg = Debug|x64
		{7DC7AB5F-8944-4D51-85B9-4E2B626DF7CF}.Debug|x64.Build.0 = Debug|x64
		{7DC7AB5F-8944-4D51-85B9-4E2B626DF7CF}.Debug|x86.ActiveCfg = Debug|Win32
		{7DC7AB5F-8944-4D51-85B9-4E2B626DF7CF}.Debug|x86.Build.0 = Debug|Win32
		{7DC7AB5F-8944-4D51-85B9-4E2B626DF7CF}.Release|x64.ActiveCfg = Release|x64
		{7DC7AB5F-8944-4D51-85B9-4E2B626DF7CF}.Release|x64.Build.0 = Release|x64
		{7DC7AB5F-8944-4D51-85B9-4E2B626DF7CF}.Release|x86.ActiveCfg = Release|Win32
		{7DC7AB5F-8944-4D51-85B9-4E2B626DF7CF}.Release|x86.Build.0 = Release|Win32
		{9AD5CE49-42AD-4A38-907A-6C686EB697A8}.Debug|x64.ActiveCfg = Debug|x64
		{9AD5CE49-42AD-4A38-907A-6C686EB697A8}.Debug|x64.Build.0 = Debug|x64
		{9AD5CE49-42AD-4A38-907A-6C686EB697A8}.Debug|x86.ActiveCfg = Debug|Win32
		{9AD5CE49-42AD-4A38-907A-6C686EB697A8}.Debug|x86.Build.0 = Debug|Win32
		{9AD5CE49-42AD-4A38-907A-6C686EB697A8}.Release|x64.ActiveCfg = Release|x64
		{9AD5CE49-42AD-4A38-907A-6C686EB697A8}.Release|x64.Build.0 = Release|x64
		{9AD5CE49-42AD-4A38-907A-6C686EB697A8}.Release|x86.ActiveCfg = Release|Win32
		{9AD5CE49-42AD-4A38-907A-6C686EB697A8}.Release|x86.Build.0 = Release|Win32
		{93B6716B-2F79-4ABA-B345-FCBDDCFBCD32}.Debug|x64.ActiveCfg = Debug|x64
		{93B6716B-2F79-4ABA-B345-FCBDDCFBCD32}.Debug|x64.Build.0 = Debug|x64
		{93B6716B-2F79-4ABA-B345-FCBDDCFBCD32}.Debug|x86.ActiveCfg = Debug|Win32
		{93B6716B-2F79-4ABA-B345-FCBDDCFBCD32}.Debug|x86.Build.0 = Debug|Win32
		{93B6716B-2F79-4ABA-B345-FCBDDCFBCD32}.Release|x64.ActiveCfg = Release|x64
		{93B6716B-2F79-4ABA-B345-FCBDDCFBCD32}.Release|x64.Build.0 = Release|x64
		{93B6716B-2F79-4ABA-B345-FCBDDCFBCD32}.Release|x86.ActiveCfg = Release|Win32
		{93B6716B-2F79-4ABA-B345-FCBDDCFBCD32}.Release|x86.Build.0 = Release|Win32
	EndGlobalSection
	GlobalSection(SolutionProperties) = preSolution
		HideSolutionNode = FALSE
	EndGlobalSection
	GlobalSection(ExtensibilityGlobals) = postSolution
		SolutionGuid = {20513232-BA6A-411D-B3D5-3C6BBA906E4F}
	EndGlobalSection
EndGlobal
