<?xml version="1.0" encoding="utf-8"?>
<Project ToolsVersion="4.0" xmlns="http://schemas.microsoft.com/developer/msbuild/2003">
  <ItemGroup>
    <Filter Include="Source Files">
      <UniqueIdentifier>{4FC737F1-C7A5-4376-A066-2A32D752A2FF}</UniqueIdentifier>
      <Extensions>cpp;c;cc;cxx;c++;cppm;ixx;def;odl;idl;hpj;bat;asm;asmx</Extensions>
    </Filter>
    <Filter Include="Header Files">
      <UniqueIdentifier>{93995380-89BD-4b04-88EB-625FBE52EBFB}</UniqueIdentifier>
      <Extensions>h;hh;hpp;hxx;h++;hm;inl;inc;ipp;xsd</Extensions>
    </Filter>
    <Filter Include="Resource Files">
      <UniqueIdentifier>{67DA6AB6-F800-4c08-8B7A-83BB121AAD01}</UniqueIdentifier>
      <Extensions>rc;ico;cur;bmp;dlg;rc2;rct;bin;rgs;gif;jpg;jpeg;jpe;resx;tiff;tif;png;wav;mfcribbon-ms</Extensions>
    </Filter>
  </ItemGroup>
  <ItemGroup>
    <ClCompile Include="code\libpng-code\pngerror.c">
      <Filter>Source Files</Filter>
    </ClCompile>
    <ClCompile Include="code\libpng-code\pngget.c">
      <Filter>Source Files</Filter>
    </ClCompile>
    <ClCompile Include="code\libpng-code\pngmem.c">
      <Filter>Source Files</Filter>
    </ClCompile>
    <ClCompile Include="code\libpng-code\pngpread.c">
      <Filter>Source Files</Filter>
    </ClCompile>
    <ClCompile Include="code\libpng-code\pngread.c">
      <Filter>Source Files</Filter>
    </ClCompile>
    <ClCompile Include="code\libpng-code\pngrio.c">
      <Filter>Source Files</Filter>
    </ClCompile>
    <ClCompile Include="code\libpng-code\pngrtran.c">
      <Filter>Source Files</Filter>
    </ClCompile>
    <ClCompile Include="code\libpng-code\pngrutil.c">
      <Filter>Source Files</Filter>
    </ClCompile>
    <ClCompile Include="code\libpng-code\pngset.c">
      <Filter>Source Files</Filter>
    </ClCompile>
    <ClCompile Include="code\libpng-code\pngtest.c">
      <Filter>Source Files</Filter>
    </ClCompile>
    <ClCompile Include="code\libpng-code\pngtrans.c">
      <Filter>Source Files</Filter>
    </ClCompile>
    <ClCompile Include="code\libpng-code\pngwio.c">
      <Filter>Source Files</Filter>
    </ClCompile>
    <ClCompile Include="code\libpng-code\pngwrite.c">
      <Filter>Source Files</Filter>
    </ClCompile>
    <ClCompile Include="code\libpng-code\pngwtran.c">
      <Filter>Source Files</Filter>
    </ClCompile>
    <ClCompile Include="code\libpng-code\pngwutil.c">
      <Filter>Source Files</Filter>
    </ClCompile>
    <ClCompile Include="code\libpng-code\png.c">
      <Filter>Source Files</Filter>
    </ClCompile>
  </ItemGroup>
  <ItemGroup>
    <ClInclude Include="code\libpng-code\png.h">
      <Filter>Header Files</Filter>
    </ClInclude>
    <ClInclude Include="code\libpng-code\pngconf.h">
      <Filter>Header Files</Filter>
    </ClInclude>
    <ClInclude Include="code\libpng-code\pngdebug.h">
      <Filter>Header Files</Filter>
    </ClInclude>
    <ClInclude Include="code\libpng-code\pnginfo.h">
      <Filter>Header Files</Filter>
    </ClInclude>
    <ClInclude Include="code\libpng-code\pngpriv.h">
      <Filter>Header Files</Filter>
    </ClInclude>
    <ClInclude Include="code\libpng-code\pngstruct.h">
      <Filter>Header Files</Filter>
    </ClInclude>
    <ClInclude Include="code\libpng-code\pnglibconf.h">
      <Filter>Header Files</Filter>
    </ClInclude>
  </ItemGroup>
</Project>